// !$*UTF8*$!
{
	archiveVersion = 1;
	classes = {
	};
	objectVersion = 50;
	objects = {

/* Begin PBXBuildFile section */
		3C6E034B2530E22500F3DA56 /* ThemesPickerDelegate.swift in Sources */ = {isa = PBXBuildFile; fileRef = 3C6E034A2530E22500F3DA56 /* ThemesPickerDelegate.swift */; };
		3C6E03542534E28B00F3DA56 /* ThemeManager.swift in Sources */ = {isa = PBXBuildFile; fileRef = 3C6E03532534E28B00F3DA56 /* ThemeManager.swift */; };
		3C6E0358253623EE00F3DA56 /* PaddingLabel.swift in Sources */ = {isa = PBXBuildFile; fileRef = 3C6E0357253623EE00F3DA56 /* PaddingLabel.swift */; };
		3C6E035B2536D4FA00F3DA56 /* UserDefaults+Ext.swift in Sources */ = {isa = PBXBuildFile; fileRef = 3C6E035A2536D4FA00F3DA56 /* UserDefaults+Ext.swift */; };
		3CBC7A9A252CE0D5000BBD80 /* ConversationViewController.swift in Sources */ = {isa = PBXBuildFile; fileRef = 3CBC7A99252CE0D5000BBD80 /* ConversationViewController.swift */; };
		3CBC7A9D252D8C3D000BBD80 /* MessageCellModel.swift in Sources */ = {isa = PBXBuildFile; fileRef = 3CBC7A9C252D8C3D000BBD80 /* MessageCellModel.swift */; };
		3CBC7AA4252DDF28000BBD80 /* MessageCell.swift in Sources */ = {isa = PBXBuildFile; fileRef = 3CBC7AA2252DDF28000BBD80 /* MessageCell.swift */; };
		3CBC7AA5252DDF28000BBD80 /* MessageCell.xib in Resources */ = {isa = PBXBuildFile; fileRef = 3CBC7AA3252DDF28000BBD80 /* MessageCell.xib */; };
		3CBC7AA9252DE1AA000BBD80 /* ConfigurableView.swift in Sources */ = {isa = PBXBuildFile; fileRef = 3CBC7AA8252DE1AA000BBD80 /* ConfigurableView.swift */; };
		3CEAD1A3253094D900F3D10C /* ThemesViewController.swift in Sources */ = {isa = PBXBuildFile; fileRef = 3CEAD1A2253094D900F3D10C /* ThemesViewController.swift */; };
		3CEAD1AD2530987900F3D10C /* ThemeCell.swift in Sources */ = {isa = PBXBuildFile; fileRef = 3CEAD1AB2530987900F3D10C /* ThemeCell.swift */; };
		3CEAD1AE2530987900F3D10C /* ThemeCell.xib in Resources */ = {isa = PBXBuildFile; fileRef = 3CEAD1AC2530987900F3D10C /* ThemeCell.xib */; };
		3CEAD1B125309C1700F3D10C /* ThemeModel.swift in Sources */ = {isa = PBXBuildFile; fileRef = 3CEAD1B025309C1700F3D10C /* ThemeModel.swift */; };
		4712EB79252CB595000661CB /* Formatter.swift in Sources */ = {isa = PBXBuildFile; fileRef = 4712EB78252CB595000661CB /* Formatter.swift */; };
		4712EB7B252CC1C9000661CB /* Date+Ext.swift in Sources */ = {isa = PBXBuildFile; fileRef = 4712EB7A252CC1C9000661CB /* Date+Ext.swift */; };
		47214E2C2518D4CB00BF43C4 /* User.swift in Sources */ = {isa = PBXBuildFile; fileRef = 47214E2B2518D4CB00BF43C4 /* User.swift */; };
		47214E2E2518DF3C00BF43C4 /* CameraHandler.swift in Sources */ = {isa = PBXBuildFile; fileRef = 47214E2D2518DF3C00BF43C4 /* CameraHandler.swift */; };
		47214E312518EA0100BF43C4 /* Constants.swift in Sources */ = {isa = PBXBuildFile; fileRef = 47214E302518EA0100BF43C4 /* Constants.swift */; };
		47214E332519274600BF43C4 /* CustomButton.swift in Sources */ = {isa = PBXBuildFile; fileRef = 47214E322519274600BF43C4 /* CustomButton.swift */; };
		473E022625150E44002565FF /* AppDelegate.swift in Sources */ = {isa = PBXBuildFile; fileRef = 473E022525150E44002565FF /* AppDelegate.swift */; };
		473E022A25150E44002565FF /* ProfileViewController.swift in Sources */ = {isa = PBXBuildFile; fileRef = 473E022925150E44002565FF /* ProfileViewController.swift */; };
		473E022D25150E44002565FF /* Main.storyboard in Resources */ = {isa = PBXBuildFile; fileRef = 473E022B25150E44002565FF /* Main.storyboard */; };
		473E022F25150E45002565FF /* Assets.xcassets in Resources */ = {isa = PBXBuildFile; fileRef = 473E022E25150E45002565FF /* Assets.xcassets */; };
		473E023225150E45002565FF /* LaunchScreen.storyboard in Resources */ = {isa = PBXBuildFile; fileRef = 473E023025150E45002565FF /* LaunchScreen.storyboard */; };
		473E023B25151242002565FF /* ILogger.swift in Sources */ = {isa = PBXBuildFile; fileRef = 473E023A25151242002565FF /* ILogger.swift */; };
		473E023E25188E0E002565FF /* UIView+Ext.swift in Sources */ = {isa = PBXBuildFile; fileRef = 473E023D25188E0E002565FF /* UIView+Ext.swift */; };
		473E02412518BD03002565FF /* Logo.swift in Sources */ = {isa = PBXBuildFile; fileRef = 473E02402518BD02002565FF /* Logo.swift */; };
		4773EF18251F7BA6006CEBC3 /* ConversationsListViewController.swift in Sources */ = {isa = PBXBuildFile; fileRef = 4773EF17251F7BA6006CEBC3 /* ConversationsListViewController.swift */; };
		4773EF1D251F9733006CEBC3 /* ConversationCell.swift in Sources */ = {isa = PBXBuildFile; fileRef = 4773EF1B251F9733006CEBC3 /* ConversationCell.swift */; };
		4773EF1E251F9733006CEBC3 /* ConversationCell.xib in Resources */ = {isa = PBXBuildFile; fileRef = 4773EF1C251F9733006CEBC3 /* ConversationCell.xib */; };
		4773EF20251F9F38006CEBC3 /* ConversationCellModel.swift in Sources */ = {isa = PBXBuildFile; fileRef = 4773EF1F251F9F38006CEBC3 /* ConversationCellModel.swift */; };
/* End PBXBuildFile section */

/* Begin PBXFileReference section */
		3C6E034A2530E22500F3DA56 /* ThemesPickerDelegate.swift */ = {isa = PBXFileReference; lastKnownFileType = sourcecode.swift; path = ThemesPickerDelegate.swift; sourceTree = "<group>"; };
		3C6E03532534E28B00F3DA56 /* ThemeManager.swift */ = {isa = PBXFileReference; lastKnownFileType = sourcecode.swift; path = ThemeManager.swift; sourceTree = "<group>"; };
		3C6E0357253623EE00F3DA56 /* PaddingLabel.swift */ = {isa = PBXFileReference; lastKnownFileType = sourcecode.swift; path = PaddingLabel.swift; sourceTree = "<group>"; };
		3C6E035A2536D4FA00F3DA56 /* UserDefaults+Ext.swift */ = {isa = PBXFileReference; lastKnownFileType = sourcecode.swift; path = "UserDefaults+Ext.swift"; sourceTree = "<group>"; };
		3CBC7A99252CE0D5000BBD80 /* ConversationViewController.swift */ = {isa = PBXFileReference; lastKnownFileType = sourcecode.swift; path = ConversationViewController.swift; sourceTree = "<group>"; };
		3CBC7A9C252D8C3D000BBD80 /* MessageCellModel.swift */ = {isa = PBXFileReference; lastKnownFileType = sourcecode.swift; path = MessageCellModel.swift; sourceTree = "<group>"; };
		3CBC7AA2252DDF28000BBD80 /* MessageCell.swift */ = {isa = PBXFileReference; lastKnownFileType = sourcecode.swift; path = MessageCell.swift; sourceTree = "<group>"; };
		3CBC7AA3252DDF28000BBD80 /* MessageCell.xib */ = {isa = PBXFileReference; lastKnownFileType = file.xib; path = MessageCell.xib; sourceTree = "<group>"; };
		3CBC7AA8252DE1AA000BBD80 /* ConfigurableView.swift */ = {isa = PBXFileReference; lastKnownFileType = sourcecode.swift; path = ConfigurableView.swift; sourceTree = "<group>"; };
		3CEAD1A2253094D900F3D10C /* ThemesViewController.swift */ = {isa = PBXFileReference; lastKnownFileType = sourcecode.swift; path = ThemesViewController.swift; sourceTree = "<group>"; };
		3CEAD1AB2530987900F3D10C /* ThemeCell.swift */ = {isa = PBXFileReference; lastKnownFileType = sourcecode.swift; path = ThemeCell.swift; sourceTree = "<group>"; };
		3CEAD1AC2530987900F3D10C /* ThemeCell.xib */ = {isa = PBXFileReference; lastKnownFileType = file.xib; path = ThemeCell.xib; sourceTree = "<group>"; };
		3CEAD1B025309C1700F3D10C /* ThemeModel.swift */ = {isa = PBXFileReference; lastKnownFileType = sourcecode.swift; path = ThemeModel.swift; sourceTree = "<group>"; };
		4712EB78252CB595000661CB /* Formatter.swift */ = {isa = PBXFileReference; lastKnownFileType = sourcecode.swift; path = Formatter.swift; sourceTree = "<group>"; };
		4712EB7A252CC1C9000661CB /* Date+Ext.swift */ = {isa = PBXFileReference; lastKnownFileType = sourcecode.swift; path = "Date+Ext.swift"; sourceTree = "<group>"; };
		47214E2B2518D4CB00BF43C4 /* User.swift */ = {isa = PBXFileReference; lastKnownFileType = sourcecode.swift; path = User.swift; sourceTree = "<group>"; };
		47214E2D2518DF3C00BF43C4 /* CameraHandler.swift */ = {isa = PBXFileReference; lastKnownFileType = sourcecode.swift; path = CameraHandler.swift; sourceTree = "<group>"; };
		47214E302518EA0100BF43C4 /* Constants.swift */ = {isa = PBXFileReference; lastKnownFileType = sourcecode.swift; path = Constants.swift; sourceTree = "<group>"; };
		47214E322519274600BF43C4 /* CustomButton.swift */ = {isa = PBXFileReference; lastKnownFileType = sourcecode.swift; path = CustomButton.swift; sourceTree = "<group>"; };
		473E022225150E44002565FF /* Chat.app */ = {isa = PBXFileReference; explicitFileType = wrapper.application; includeInIndex = 0; path = Chat.app; sourceTree = BUILT_PRODUCTS_DIR; };
		473E022525150E44002565FF /* AppDelegate.swift */ = {isa = PBXFileReference; lastKnownFileType = sourcecode.swift; path = AppDelegate.swift; sourceTree = "<group>"; };
		473E022925150E44002565FF /* ProfileViewController.swift */ = {isa = PBXFileReference; lastKnownFileType = sourcecode.swift; path = ProfileViewController.swift; sourceTree = "<group>"; };
		473E022C25150E44002565FF /* Base */ = {isa = PBXFileReference; lastKnownFileType = file.storyboard; name = Base; path = Base.lproj/Main.storyboard; sourceTree = "<group>"; };
		473E022E25150E45002565FF /* Assets.xcassets */ = {isa = PBXFileReference; lastKnownFileType = folder.assetcatalog; path = Assets.xcassets; sourceTree = "<group>"; };
		473E023125150E45002565FF /* Base */ = {isa = PBXFileReference; lastKnownFileType = file.storyboard; name = Base; path = Base.lproj/LaunchScreen.storyboard; sourceTree = "<group>"; };
		473E023325150E45002565FF /* Info.plist */ = {isa = PBXFileReference; lastKnownFileType = text.plist.xml; path = Info.plist; sourceTree = "<group>"; };
		473E023A25151242002565FF /* ILogger.swift */ = {isa = PBXFileReference; lastKnownFileType = sourcecode.swift; path = ILogger.swift; sourceTree = "<group>"; };
		473E023D25188E0E002565FF /* UIView+Ext.swift */ = {isa = PBXFileReference; lastKnownFileType = sourcecode.swift; path = "UIView+Ext.swift"; sourceTree = "<group>"; };
		473E02402518BD02002565FF /* Logo.swift */ = {isa = PBXFileReference; lastKnownFileType = sourcecode.swift; path = Logo.swift; sourceTree = "<group>"; };
		4773EF17251F7BA6006CEBC3 /* ConversationsListViewController.swift */ = {isa = PBXFileReference; lastKnownFileType = sourcecode.swift; path = ConversationsListViewController.swift; sourceTree = "<group>"; };
		4773EF1B251F9733006CEBC3 /* ConversationCell.swift */ = {isa = PBXFileReference; lastKnownFileType = sourcecode.swift; path = ConversationCell.swift; sourceTree = "<group>"; };
		4773EF1C251F9733006CEBC3 /* ConversationCell.xib */ = {isa = PBXFileReference; lastKnownFileType = file.xib; path = ConversationCell.xib; sourceTree = "<group>"; };
		4773EF1F251F9F38006CEBC3 /* ConversationCellModel.swift */ = {isa = PBXFileReference; lastKnownFileType = sourcecode.swift; path = ConversationCellModel.swift; sourceTree = "<group>"; };
/* End PBXFileReference section */

/* Begin PBXFrameworksBuildPhase section */
		473E021F25150E44002565FF /* Frameworks */ = {
			isa = PBXFrameworksBuildPhase;
			buildActionMask = 2147483647;
			files = (
			);
			runOnlyForDeploymentPostprocessing = 0;
		};
/* End PBXFrameworksBuildPhase section */

/* Begin PBXGroup section */
		3C6E03522534E27100F3DA56 /* Services */ = {
			isa = PBXGroup;
			children = (
				3C6E03532534E28B00F3DA56 /* ThemeManager.swift */,
			);
			path = Services;
			sourceTree = "<group>";
		};
		3CBC7AA7252DE189000BBD80 /* Protocols */ = {
			isa = PBXGroup;
			children = (
				3CBC7AA8252DE1AA000BBD80 /* ConfigurableView.swift */,
				3C6E034A2530E22500F3DA56 /* ThemesPickerDelegate.swift */,
			);
			path = Protocols;
			sourceTree = "<group>";
		};
		47214E2A2518D4BE00BF43C4 /* Models */ = {
			isa = PBXGroup;
			children = (
				47214E2B2518D4CB00BF43C4 /* User.swift */,
				4773EF1F251F9F38006CEBC3 /* ConversationCellModel.swift */,
				3CBC7A9C252D8C3D000BBD80 /* MessageCellModel.swift */,
				3CEAD1B025309C1700F3D10C /* ThemeModel.swift */,
			);
			path = Models;
			sourceTree = "<group>";
		};
		47214E2F2518E9E100BF43C4 /* Utilities */ = {
			isa = PBXGroup;
			children = (
				47214E302518EA0100BF43C4 /* Constants.swift */,
				4712EB78252CB595000661CB /* Formatter.swift */,
			);
			path = Utilities;
			sourceTree = "<group>";
		};
		473E021925150E44002565FF = {
			isa = PBXGroup;
			children = (
				473E022425150E44002565FF /* Chat */,
				473E022325150E44002565FF /* Products */,
			);
			sourceTree = "<group>";
		};
		473E022325150E44002565FF /* Products */ = {
			isa = PBXGroup;
			children = (
				473E022225150E44002565FF /* Chat.app */,
			);
			name = Products;
			sourceTree = "<group>";
		};
		473E022425150E44002565FF /* Chat */ = {
			isa = PBXGroup;
			children = (
				3C6E03522534E27100F3DA56 /* Services */,
				3CBC7AA7252DE189000BBD80 /* Protocols */,
				47214E2F2518E9E100BF43C4 /* Utilities */,
				47214E2A2518D4BE00BF43C4 /* Models */,
				473E02422518C420002565FF /* ViewControllers */,
				473E023F2518BCE0002565FF /* Views */,
				473E023C25188DEE002565FF /* Extensions */,
				473E02392515122B002565FF /* Logger */,
				473E022525150E44002565FF /* AppDelegate.swift */,
				473E022B25150E44002565FF /* Main.storyboard */,
				473E022E25150E45002565FF /* Assets.xcassets */,
				473E023025150E45002565FF /* LaunchScreen.storyboard */,
				473E023325150E45002565FF /* Info.plist */,
			);
			path = Chat;
			sourceTree = "<group>";
		};
		473E02392515122B002565FF /* Logger */ = {
			isa = PBXGroup;
			children = (
				473E023A25151242002565FF /* ILogger.swift */,
			);
			path = Logger;
			sourceTree = "<group>";
		};
		473E023C25188DEE002565FF /* Extensions */ = {
			isa = PBXGroup;
			children = (
				473E023D25188E0E002565FF /* UIView+Ext.swift */,
				4712EB7A252CC1C9000661CB /* Date+Ext.swift */,
				3C6E035A2536D4FA00F3DA56 /* UserDefaults+Ext.swift */,
			);
			path = Extensions;
			sourceTree = "<group>";
		};
		473E023F2518BCE0002565FF /* Views */ = {
			isa = PBXGroup;
			children = (
				47E0CB58252CB16700DB09F3 /* Cells */,
				473E02402518BD02002565FF /* Logo.swift */,
				47214E322519274600BF43C4 /* CustomButton.swift */,
				3C6E0357253623EE00F3DA56 /* PaddingLabel.swift */,
			);
			path = Views;
			sourceTree = "<group>";
		};
		473E02422518C420002565FF /* ViewControllers */ = {
			isa = PBXGroup;
			children = (
				47214E2D2518DF3C00BF43C4 /* CameraHandler.swift */,
				473E022925150E44002565FF /* ProfileViewController.swift */,
				4773EF17251F7BA6006CEBC3 /* ConversationsListViewController.swift */,
				3CBC7A99252CE0D5000BBD80 /* ConversationViewController.swift */,
				3CEAD1A2253094D900F3D10C /* ThemesViewController.swift */,
			);
			path = ViewControllers;
			sourceTree = "<group>";
		};
		47E0CB58252CB16700DB09F3 /* Cells */ = {
			isa = PBXGroup;
			children = (
				4773EF1B251F9733006CEBC3 /* ConversationCell.swift */,
				4773EF1C251F9733006CEBC3 /* ConversationCell.xib */,
				3CBC7AA2252DDF28000BBD80 /* MessageCell.swift */,
				3CBC7AA3252DDF28000BBD80 /* MessageCell.xib */,
				3CEAD1AB2530987900F3D10C /* ThemeCell.swift */,
				3CEAD1AC2530987900F3D10C /* ThemeCell.xib */,
			);
			path = Cells;
			sourceTree = "<group>";
		};
/* End PBXGroup section */

/* Begin PBXNativeTarget section */
		473E022125150E44002565FF /* Chat */ = {
			isa = PBXNativeTarget;
			buildConfigurationList = 473E023625150E45002565FF /* Build configuration list for PBXNativeTarget "Chat" */;
			buildPhases = (
				473E021E25150E44002565FF /* Sources */,
				473E021F25150E44002565FF /* Frameworks */,
				473E022025150E44002565FF /* Resources */,
			);
			buildRules = (
			);
			dependencies = (
			);
			name = Chat;
			productName = Chat;
			productReference = 473E022225150E44002565FF /* Chat.app */;
			productType = "com.apple.product-type.application";
		};
/* End PBXNativeTarget section */

/* Begin PBXProject section */
		473E021A25150E44002565FF /* Project object */ = {
			isa = PBXProject;
			attributes = {
				LastSwiftUpdateCheck = 1170;
				LastUpgradeCheck = 1220;
				ORGANIZATIONNAME = p.levishchev;
				TargetAttributes = {
					473E022125150E44002565FF = {
						CreatedOnToolsVersion = 11.7;
					};
				};
			};
			buildConfigurationList = 473E021D25150E44002565FF /* Build configuration list for PBXProject "Chat" */;
			compatibilityVersion = "Xcode 9.3";
			developmentRegion = en;
			hasScannedForEncodings = 0;
			knownRegions = (
				en,
				Base,
			);
			mainGroup = 473E021925150E44002565FF;
			productRefGroup = 473E022325150E44002565FF /* Products */;
			projectDirPath = "";
			projectRoot = "";
			targets = (
				473E022125150E44002565FF /* Chat */,
			);
		};
/* End PBXProject section */

/* Begin PBXResourcesBuildPhase section */
		473E022025150E44002565FF /* Resources */ = {
			isa = PBXResourcesBuildPhase;
			buildActionMask = 2147483647;
			files = (
				4773EF1E251F9733006CEBC3 /* ConversationCell.xib in Resources */,
				3CEAD1AE2530987900F3D10C /* ThemeCell.xib in Resources */,
				3CBC7AA5252DDF28000BBD80 /* MessageCell.xib in Resources */,
				473E023225150E45002565FF /* LaunchScreen.storyboard in Resources */,
				473E022F25150E45002565FF /* Assets.xcassets in Resources */,
				473E022D25150E44002565FF /* Main.storyboard in Resources */,
			);
			runOnlyForDeploymentPostprocessing = 0;
		};
/* End PBXResourcesBuildPhase section */

/* Begin PBXSourcesBuildPhase section */
		473E021E25150E44002565FF /* Sources */ = {
			isa = PBXSourcesBuildPhase;
			buildActionMask = 2147483647;
			files = (
				3CEAD1B125309C1700F3D10C /* ThemeModel.swift in Sources */,
				3CBC7AA4252DDF28000BBD80 /* MessageCell.swift in Sources */,
				3CEAD1AD2530987900F3D10C /* ThemeCell.swift in Sources */,
				4773EF20251F9F38006CEBC3 /* ConversationCellModel.swift in Sources */,
				4712EB79252CB595000661CB /* Formatter.swift in Sources */,
				3CBC7AA9252DE1AA000BBD80 /* ConfigurableView.swift in Sources */,
				3C6E03542534E28B00F3DA56 /* ThemeManager.swift in Sources */,
				3CBC7A9A252CE0D5000BBD80 /* ConversationViewController.swift in Sources */,
				473E022A25150E44002565FF /* ProfileViewController.swift in Sources */,
				3C6E034B2530E22500F3DA56 /* ThemesPickerDelegate.swift in Sources */,
				4773EF1D251F9733006CEBC3 /* ConversationCell.swift in Sources */,
				4773EF18251F7BA6006CEBC3 /* ConversationsListViewController.swift in Sources */,
				3C6E0358253623EE00F3DA56 /* PaddingLabel.swift in Sources */,
				4712EB7B252CC1C9000661CB /* Date+Ext.swift in Sources */,
				3CBC7A9D252D8C3D000BBD80 /* MessageCellModel.swift in Sources */,
				47214E2E2518DF3C00BF43C4 /* CameraHandler.swift in Sources */,
				473E023B25151242002565FF /* ILogger.swift in Sources */,
				473E023E25188E0E002565FF /* UIView+Ext.swift in Sources */,
				3C6E035B2536D4FA00F3DA56 /* UserDefaults+Ext.swift in Sources */,
				47214E332519274600BF43C4 /* CustomButton.swift in Sources */,
				3CEAD1A3253094D900F3D10C /* ThemesViewController.swift in Sources */,
				473E022625150E44002565FF /* AppDelegate.swift in Sources */,
				473E02412518BD03002565FF /* Logo.swift in Sources */,
				47214E2C2518D4CB00BF43C4 /* User.swift in Sources */,
				47214E312518EA0100BF43C4 /* Constants.swift in Sources */,
			);
			runOnlyForDeploymentPostprocessing = 0;
		};
/* End PBXSourcesBuildPhase section */

/* Begin PBXVariantGroup section */
		473E022B25150E44002565FF /* Main.storyboard */ = {
			isa = PBXVariantGroup;
			children = (
				473E022C25150E44002565FF /* Base */,
			);
			name = Main.storyboard;
			sourceTree = "<group>";
		};
		473E023025150E45002565FF /* LaunchScreen.storyboard */ = {
			isa = PBXVariantGroup;
			children = (
				473E023125150E45002565FF /* Base */,
			);
			name = LaunchScreen.storyboard;
			sourceTree = "<group>";
		};
/* End PBXVariantGroup section */

/* Begin XCBuildConfiguration section */
		473E023425150E45002565FF /* Debug */ = {
			isa = XCBuildConfiguration;
			buildSettings = {
				ALWAYS_SEARCH_USER_PATHS = NO;
				CLANG_ANALYZER_NONNULL = YES;
				CLANG_ANALYZER_NUMBER_OBJECT_CONVERSION = YES_AGGRESSIVE;
				CLANG_CXX_LANGUAGE_STANDARD = "gnu++14";
				CLANG_CXX_LIBRARY = "libc++";
				CLANG_ENABLE_MODULES = YES;
				CLANG_ENABLE_OBJC_ARC = YES;
				CLANG_ENABLE_OBJC_WEAK = YES;
				CLANG_WARN_BLOCK_CAPTURE_AUTORELEASING = YES;
				CLANG_WARN_BOOL_CONVERSION = YES;
				CLANG_WARN_COMMA = YES;
				CLANG_WARN_CONSTANT_CONVERSION = YES;
				CLANG_WARN_DEPRECATED_OBJC_IMPLEMENTATIONS = YES;
				CLANG_WARN_DIRECT_OBJC_ISA_USAGE = YES_ERROR;
				CLANG_WARN_DOCUMENTATION_COMMENTS = YES;
				CLANG_WARN_EMPTY_BODY = YES;
				CLANG_WARN_ENUM_CONVERSION = YES;
				CLANG_WARN_INFINITE_RECURSION = YES;
				CLANG_WARN_INT_CONVERSION = YES;
				CLANG_WARN_NON_LITERAL_NULL_CONVERSION = YES;
				CLANG_WARN_OBJC_IMPLICIT_RETAIN_SELF = YES;
				CLANG_WARN_OBJC_LITERAL_CONVERSION = YES;
				CLANG_WARN_OBJC_ROOT_CLASS = YES_ERROR;
				CLANG_WARN_QUOTED_INCLUDE_IN_FRAMEWORK_HEADER = YES;
				CLANG_WARN_RANGE_LOOP_ANALYSIS = YES;
				CLANG_WARN_STRICT_PROTOTYPES = YES;
				CLANG_WARN_SUSPICIOUS_MOVE = YES;
				CLANG_WARN_UNGUARDED_AVAILABILITY = YES_AGGRESSIVE;
				CLANG_WARN_UNREACHABLE_CODE = YES;
				CLANG_WARN__DUPLICATE_METHOD_MATCH = YES;
				COPY_PHASE_STRIP = NO;
				DEBUG_INFORMATION_FORMAT = dwarf;
				ENABLE_STRICT_OBJC_MSGSEND = YES;
				ENABLE_TESTABILITY = YES;
				GCC_C_LANGUAGE_STANDARD = gnu11;
				GCC_DYNAMIC_NO_PIC = NO;
				GCC_NO_COMMON_BLOCKS = YES;
				GCC_OPTIMIZATION_LEVEL = 0;
				GCC_PREPROCESSOR_DEFINITIONS = (
					"DEBUG=1",
					"$(inherited)",
				);
				GCC_WARN_64_TO_32_BIT_CONVERSION = YES;
				GCC_WARN_ABOUT_RETURN_TYPE = YES_ERROR;
				GCC_WARN_UNDECLARED_SELECTOR = YES;
				GCC_WARN_UNINITIALIZED_AUTOS = YES_AGGRESSIVE;
				GCC_WARN_UNUSED_FUNCTION = YES;
				GCC_WARN_UNUSED_VARIABLE = YES;
				IPHONEOS_DEPLOYMENT_TARGET = 12.0;
				MTL_ENABLE_DEBUG_INFO = INCLUDE_SOURCE;
				MTL_FAST_MATH = YES;
				ONLY_ACTIVE_ARCH = YES;
				SDKROOT = iphoneos;
				SWIFT_ACTIVE_COMPILATION_CONDITIONS = DEBUG;
				SWIFT_OPTIMIZATION_LEVEL = "-Onone";
			};
			name = Debug;
		};
		473E023525150E45002565FF /* Release */ = {
			isa = XCBuildConfiguration;
			buildSettings = {
				ALWAYS_SEARCH_USER_PATHS = NO;
				CLANG_ANALYZER_NONNULL = YES;
				CLANG_ANALYZER_NUMBER_OBJECT_CONVERSION = YES_AGGRESSIVE;
				CLANG_CXX_LANGUAGE_STANDARD = "gnu++14";
				CLANG_CXX_LIBRARY = "libc++";
				CLANG_ENABLE_MODULES = YES;
				CLANG_ENABLE_OBJC_ARC = YES;
				CLANG_ENABLE_OBJC_WEAK = YES;
				CLANG_WARN_BLOCK_CAPTURE_AUTORELEASING = YES;
				CLANG_WARN_BOOL_CONVERSION = YES;
				CLANG_WARN_COMMA = YES;
				CLANG_WARN_CONSTANT_CONVERSION = YES;
				CLANG_WARN_DEPRECATED_OBJC_IMPLEMENTATIONS = YES;
				CLANG_WARN_DIRECT_OBJC_ISA_USAGE = YES_ERROR;
				CLANG_WARN_DOCUMENTATION_COMMENTS = YES;
				CLANG_WARN_EMPTY_BODY = YES;
				CLANG_WARN_ENUM_CONVERSION = YES;
				CLANG_WARN_INFINITE_RECURSION = YES;
				CLANG_WARN_INT_CONVERSION = YES;
				CLANG_WARN_NON_LITERAL_NULL_CONVERSION = YES;
				CLANG_WARN_OBJC_IMPLICIT_RETAIN_SELF = YES;
				CLANG_WARN_OBJC_LITERAL_CONVERSION = YES;
				CLANG_WARN_OBJC_ROOT_CLASS = YES_ERROR;
				CLANG_WARN_QUOTED_INCLUDE_IN_FRAMEWORK_HEADER = YES;
				CLANG_WARN_RANGE_LOOP_ANALYSIS = YES;
				CLANG_WARN_STRICT_PROTOTYPES = YES;
				CLANG_WARN_SUSPICIOUS_MOVE = YES;
				CLANG_WARN_UNGUARDED_AVAILABILITY = YES_AGGRESSIVE;
				CLANG_WARN_UNREACHABLE_CODE = YES;
				CLANG_WARN__DUPLICATE_METHOD_MATCH = YES;
				COPY_PHASE_STRIP = NO;
				DEBUG_INFORMATION_FORMAT = "dwarf-with-dsym";
				ENABLE_NS_ASSERTIONS = NO;
				ENABLE_STRICT_OBJC_MSGSEND = YES;
				GCC_C_LANGUAGE_STANDARD = gnu11;
				GCC_NO_COMMON_BLOCKS = YES;
				GCC_WARN_64_TO_32_BIT_CONVERSION = YES;
				GCC_WARN_ABOUT_RETURN_TYPE = YES_ERROR;
				GCC_WARN_UNDECLARED_SELECTOR = YES;
				GCC_WARN_UNINITIALIZED_AUTOS = YES_AGGRESSIVE;
				GCC_WARN_UNUSED_FUNCTION = YES;
				GCC_WARN_UNUSED_VARIABLE = YES;
				IPHONEOS_DEPLOYMENT_TARGET = 12.0;
				MTL_ENABLE_DEBUG_INFO = NO;
				MTL_FAST_MATH = YES;
				SDKROOT = iphoneos;
				SWIFT_COMPILATION_MODE = wholemodule;
				SWIFT_OPTIMIZATION_LEVEL = "-O";
				VALIDATE_PRODUCT = YES;
			};
			name = Release;
		};
		473E023725150E45002565FF /* Debug */ = {
			isa = XCBuildConfiguration;
			buildSettings = {
				ASSETCATALOG_COMPILER_APPICON_NAME = AppIcon;
				CODE_SIGN_STYLE = Automatic;
				INFOPLIST_FILE = Chat/Info.plist;
				LD_RUNPATH_SEARCH_PATHS = (
					"$(inherited)",
					"@executable_path/Frameworks",
				);
				PRODUCT_BUNDLE_IDENTIFIER = p.levishchev.Chat;
				PRODUCT_NAME = "$(TARGET_NAME)";
				SWIFT_VERSION = 5.0;
				TARGETED_DEVICE_FAMILY = 1;
			};
			name = Debug;
		};
		473E023825150E45002565FF /* Release */ = {
			isa = XCBuildConfiguration;
			buildSettings = {
				ASSETCATALOG_COMPILER_APPICON_NAME = AppIcon;
				CODE_SIGN_STYLE = Automatic;
				INFOPLIST_FILE = Chat/Info.plist;
				LD_RUNPATH_SEARCH_PATHS = (
					"$(inherited)",
					"@executable_path/Frameworks",
				);
				PRODUCT_BUNDLE_IDENTIFIER = p.levishchev.Chat;
				PRODUCT_NAME = "$(TARGET_NAME)";
				SWIFT_VERSION = 5.0;
				TARGETED_DEVICE_FAMILY = 1;
			};
			name = Release;
		};
/* End XCBuildConfiguration section */

/* Begin XCConfigurationList section */
		473E021D25150E44002565FF /* Build configuration list for PBXProject "Chat" */ = {
			isa = XCConfigurationList;
			buildConfigurations = (
				473E023425150E45002565FF /* Debug */,
				473E023525150E45002565FF /* Release */,
			);
			defaultConfigurationIsVisible = 0;
			defaultConfigurationName = Release;
		};
		473E023625150E45002565FF /* Build configuration list for PBXNativeTarget "Chat" */ = {
			isa = XCConfigurationList;
			buildConfigurations = (
				473E023725150E45002565FF /* Debug */,
				473E023825150E45002565FF /* Release */,
			);
			defaultConfigurationIsVisible = 0;
			defaultConfigurationName = Release;
		};
/* End XCConfigurationList section */
	};
	rootObject = 473E021A25150E44002565FF /* Project object */;
}
